
Microsoft Visual Studio Solution File, Format Version 12.00
# Visual Studio Version 17
VisualStudioVersion = 17.14.36401.2 d17.14
MinimumVisualStudioVersion = 10.0.40219.1
Project("{FAE04EC0-301F-11D3-BF4B-00C04F79EFBC}") = "TestPrueba", "TestPrueba\TestPrueba.csproj", "{FE976B99-F8F4-4C33-A7B9-7A2D1DC36281}"
EndProject
Global
	GlobalSection(SolutionConfigurationPlatforms) = preSolution
		Debug|Any CPU = Debug|Any CPU
		Release|Any CPU = Release|Any CPU
	EndGlobalSection
	GlobalSection(ProjectConfigurationPlatforms) = postSolution
		{FE976B99-F8F4-4C33-A7B9-7A2D1DC36281}.Debug|Any CPU.ActiveCfg = Debug|Any CPU
		{FE976B99-F8F4-4C33-A7B9-7A2D1DC36281}.Debug|Any CPU.Build.0 = Debug|Any CPU
		{FE976B99-F8F4-4C33-A7B9-7A2D1DC36281}.Release|Any CPU.ActiveCfg = Release|Any CPU
		{FE976B99-F8F4-4C33-A7B9-7A2D1DC36281}.Release|Any CPU.Build.0 = Release|Any CPU
	EndGlobalSection
	GlobalSection(SolutionProperties) = preSolution
		HideSolutionNode = FALSE
	EndGlobalSection
	GlobalSection(ExtensibilityGlobals) = postSolution
		SolutionGuid = {1F826149-4904-4816-B83B-5A5983994C23}
	EndGlobalSection
EndGlobal
